
Microsoft Visual Studio Solution File, Format Version 12.00
# Visual Studio Version 17
VisualStudioVersion = 17.0.32014.148
MinimumVisualStudioVersion = 10.0.40219.1
Project("{2150E333-8FDC-42A3-9474-1A3956D46DE8}") = "src", "src", "{8C1D0EE2-EE8C-4E9D-BBD7-650D46EBE8F2}"
EndProject
Project("{9A19103F-16F7-4668-BE54-9A1E7A4F7556}") = "MSClases", "src\MSClases\MSClases.csproj", "{445D3A3B-AEFD-471C-BFA2-1BFD644A5BBF}"
EndProject
Project("{9A19103F-16F7-4668-BE54-9A1E7A4F7556}") = "MSProfesores", "src\MSProfesores\MSProfesores.csproj", "{30E35E08-7268-450B-835A-1D03C1324CA5}"
EndProject
Project("{2150E333-8FDC-42A3-9474-1A3956D46DE8}") = "Solution Items", "Solution Items", "{DC803753-153A-486A-8B9E-5FA6DEA85EA3}"
	ProjectSection(SolutionItems) = preProject
		.gitignore = .gitignore
	EndProjectSection
EndProject
Project("{9A19103F-16F7-4668-BE54-9A1E7A4F7556}") = "APIGateway", "src\APIGateway\APIGateway.csproj", "{8626C4B6-454C-49BA-BE6E-2D0639144AC4}"
EndProject
Project("{2150E333-8FDC-42A3-9474-1A3956D46DE8}") = "DevOps", "DevOps", "{A3185F1A-474C-43B1-A3D9-8170B7FCA822}"
EndProject
Project("{2150E333-8FDC-42A3-9474-1A3956D46DE8}") = "b_Secrets", "b_Secrets", "{D2123765-8988-421F-BDFF-4FFE179D820C}"
	ProjectSection(SolutionItems) = preProject
		k8s.Secret-db-MySql.yaml = k8s.Secret-db-MySql.yaml
		k8s.Secret-db-PostgreSQL.yaml = k8s.Secret-db-PostgreSQL.yaml
		k8s.secret-pgadmin.yaml = k8s.secret-pgadmin.yaml
	EndProjectSection
EndProject
Project("{2150E333-8FDC-42A3-9474-1A3956D46DE8}") = "e_Services", "e_Services", "{A22E8DE7-7510-4F4D-9D06-41EA8263C37F}"
	ProjectSection(SolutionItems) = preProject
		k8s.Service-DbMySql.yaml = k8s.Service-DbMySql.yaml
		k8s.Service-DbPostgres.yaml = k8s.Service-DbPostgres.yaml
		k8s.Service-PgAdmin.yaml = k8s.Service-PgAdmin.yaml
	EndProjectSection
EndProject
Project("{2150E333-8FDC-42A3-9474-1A3956D46DE8}") = "c_Volumes", "c_Volumes", "{B2AD36AF-C105-41FC-B2FC-3089399FAEC8}"
	ProjectSection(SolutionItems) = preProject
		k8s.Persistence-volumen-claim-MySql.yaml = k8s.Persistence-volumen-claim-MySql.yaml
		k8s.Persistence-volumen-claim-PostgreSQL.yaml = k8s.Persistence-volumen-claim-PostgreSQL.yaml
		k8s.Persistence-volumen-Postgres.yaml = k8s.Persistence-volumen-Postgres.yaml
	EndProjectSection
EndProject
Project("{2150E333-8FDC-42A3-9474-1A3956D46DE8}") = "f_Apps", "f_Apps", "{BE199DF0-2D1F-4C54-967E-B6F1DAEC3528}"
EndProject
Project("{2150E333-8FDC-42A3-9474-1A3956D46DE8}") = "a_ConfigMaps", "a_ConfigMaps", "{6FBA6B42-3D5C-4685-A256-81569A04C7A0}"
	ProjectSection(SolutionItems) = preProject
		k8s.ConfigMap-MySql.yaml = k8s.ConfigMap-MySql.yaml
		k8s.ConfigMap-Postgres-NP.yaml = k8s.ConfigMap-Postgres-NP.yaml
	EndProjectSection
EndProject
Project("{2150E333-8FDC-42A3-9474-1A3956D46DE8}") = "d_Deployments", "d_Deployments", "{94EA0D5B-00B3-4933-A52D-63B594E86E6A}"
	ProjectSection(SolutionItems) = preProject
		k8s.Deployment-Adminer.yaml = k8s.Deployment-Adminer.yaml
		k8s.Deployment-DbMySql-NP.yaml = k8s.Deployment-DbMySql-NP.yaml
		k8s.Deployment-DbPostgres-NP.yaml = k8s.Deployment-DbPostgres-NP.yaml
		k8s.Deployment-PgAdmin.yaml = k8s.Deployment-PgAdmin.yaml
	EndProjectSection
EndProject
Project("{9A19103F-16F7-4668-BE54-9A1E7A4F7556}") = "Shared", "src\Shared\Shared.csproj", "{7ECC5362-9137-433C-AED9-D0DD0C9C9701}"
EndProject
Project("{9A19103F-16F7-4668-BE54-9A1E7A4F7556}") = "WebApp", "src\WebApp\WebApp.csproj", "{AE10F9C0-7315-4DE2-B4FB-FDB448543CC0}"
EndProject
Global
	GlobalSection(SolutionConfigurationPlatforms) = preSolution
		Debug|Any CPU = Debug|Any CPU
		Release|Any CPU = Release|Any CPU
	EndGlobalSection
	GlobalSection(ProjectConfigurationPlatforms) = postSolution
		{445D3A3B-AEFD-471C-BFA2-1BFD644A5BBF}.Debug|Any CPU.ActiveCfg = Debug|Any CPU
		{445D3A3B-AEFD-471C-BFA2-1BFD644A5BBF}.Debug|Any CPU.Build.0 = Debug|Any CPU
		{445D3A3B-AEFD-471C-BFA2-1BFD644A5BBF}.Release|Any CPU.ActiveCfg = Release|Any CPU
		{445D3A3B-AEFD-471C-BFA2-1BFD644A5BBF}.Release|Any CPU.Build.0 = Release|Any CPU
		{30E35E08-7268-450B-835A-1D03C1324CA5}.Debug|Any CPU.ActiveCfg = Debug|Any CPU
		{30E35E08-7268-450B-835A-1D03C1324CA5}.Debug|Any CPU.Build.0 = Debug|Any CPU
		{30E35E08-7268-450B-835A-1D03C1324CA5}.Release|Any CPU.ActiveCfg = Release|Any CPU
		{30E35E08-7268-450B-835A-1D03C1324CA5}.Release|Any CPU.Build.0 = Release|Any CPU
		{8626C4B6-454C-49BA-BE6E-2D0639144AC4}.Debug|Any CPU.ActiveCfg = Debug|Any CPU
		{8626C4B6-454C-49BA-BE6E-2D0639144AC4}.Debug|Any CPU.Build.0 = Debug|Any CPU
		{8626C4B6-454C-49BA-BE6E-2D0639144AC4}.Release|Any CPU.ActiveCfg = Release|Any CPU
		{8626C4B6-454C-49BA-BE6E-2D0639144AC4}.Release|Any CPU.Build.0 = Release|Any CPU
		{7ECC5362-9137-433C-AED9-D0DD0C9C9701}.Debug|Any CPU.ActiveCfg = Debug|Any CPU
		{7ECC5362-9137-433C-AED9-D0DD0C9C9701}.Debug|Any CPU.Build.0 = Debug|Any CPU
		{7ECC5362-9137-433C-AED9-D0DD0C9C9701}.Release|Any CPU.ActiveCfg = Release|Any CPU
		{7ECC5362-9137-433C-AED9-D0DD0C9C9701}.Release|Any CPU.Build.0 = Release|Any CPU
		{AE10F9C0-7315-4DE2-B4FB-FDB448543CC0}.Debug|Any CPU.ActiveCfg = Debug|Any CPU
		{AE10F9C0-7315-4DE2-B4FB-FDB448543CC0}.Debug|Any CPU.Build.0 = Debug|Any CPU
		{AE10F9C0-7315-4DE2-B4FB-FDB448543CC0}.Release|Any CPU.ActiveCfg = Release|Any CPU
		{AE10F9C0-7315-4DE2-B4FB-FDB448543CC0}.Release|Any CPU.Build.0 = Release|Any CPU
	EndGlobalSection
	GlobalSection(SolutionProperties) = preSolution
		HideSolutionNode = FALSE
	EndGlobalSection
	GlobalSection(NestedProjects) = preSolution
		{445D3A3B-AEFD-471C-BFA2-1BFD644A5BBF} = {8C1D0EE2-EE8C-4E9D-BBD7-650D46EBE8F2}
		{30E35E08-7268-450B-835A-1D03C1324CA5} = {8C1D0EE2-EE8C-4E9D-BBD7-650D46EBE8F2}
		{8626C4B6-454C-49BA-BE6E-2D0639144AC4} = {8C1D0EE2-EE8C-4E9D-BBD7-650D46EBE8F2}
		{A3185F1A-474C-43B1-A3D9-8170B7FCA822} = {DC803753-153A-486A-8B9E-5FA6DEA85EA3}
		{D2123765-8988-421F-BDFF-4FFE179D820C} = {A3185F1A-474C-43B1-A3D9-8170B7FCA822}
		{A22E8DE7-7510-4F4D-9D06-41EA8263C37F} = {A3185F1A-474C-43B1-A3D9-8170B7FCA822}
		{B2AD36AF-C105-41FC-B2FC-3089399FAEC8} = {A3185F1A-474C-43B1-A3D9-8170B7FCA822}
		{BE199DF0-2D1F-4C54-967E-B6F1DAEC3528} = {A3185F1A-474C-43B1-A3D9-8170B7FCA822}
		{6FBA6B42-3D5C-4685-A256-81569A04C7A0} = {A3185F1A-474C-43B1-A3D9-8170B7FCA822}
		{94EA0D5B-00B3-4933-A52D-63B594E86E6A} = {A3185F1A-474C-43B1-A3D9-8170B7FCA822}
		{7ECC5362-9137-433C-AED9-D0DD0C9C9701} = {8C1D0EE2-EE8C-4E9D-BBD7-650D46EBE8F2}
		{AE10F9C0-7315-4DE2-B4FB-FDB448543CC0} = {8C1D0EE2-EE8C-4E9D-BBD7-650D46EBE8F2}
	EndGlobalSection
	GlobalSection(ExtensibilityGlobals) = postSolution
		SolutionGuid = {5A834CDE-850C-42DA-8536-75CDAB1C2423}
	EndGlobalSection
EndGlobal
